
Microsoft Visual Studio Solution File, Format Version 12.00
# Visual Studio Version 17
VisualStudioVersion = 17.11.35222.181
MinimumVisualStudioVersion = 10.0.40219.1
Project("{54A90642-561A-4BB1-A94E-469ADEE60C69}") = "ProFront", "ProFront.esproj", "{0BA19DF9-1508-4449-853E-22A4B2F256A4}"
EndProject
Global
	GlobalSection(SolutionConfigurationPlatforms) = preSolution
		Debug|Any CPU = Debug|Any CPU
		Release|Any CPU = Release|Any CPU
	EndGlobalSection
	GlobalSection(ProjectConfigurationPlatforms) = postSolution
		{0BA19DF9-1508-4449-853E-22A4B2F256A4}.Debug|Any CPU.ActiveCfg = Debug|Any CPU
		{0BA19DF9-1508-4449-853E-22A4B2F256A4}.Debug|Any CPU.Build.0 = Debug|Any CPU
		{0BA19DF9-1508-4449-853E-22A4B2F256A4}.Debug|Any CPU.Deploy.0 = Debug|Any CPU
		{0BA19DF9-1508-4449-853E-22A4B2F256A4}.Release|Any CPU.ActiveCfg = Release|Any CPU
		{0BA19DF9-1508-4449-853E-22A4B2F256A4}.Release|Any CPU.Build.0 = Release|Any CPU
		{0BA19DF9-1508-4449-853E-22A4B2F256A4}.Release|Any CPU.Deploy.0 = Release|Any CPU
	EndGlobalSection
	GlobalSection(SolutionProperties) = preSolution
		HideSolutionNode = FALSE
	EndGlobalSection
	GlobalSection(ExtensibilityGlobals) = postSolution
		SolutionGuid = {AD72E675-CEA0-41C3-985B-987AAA1C29EE}
	EndGlobalSection
EndGlobal
